// !$*UTF8*$!
{
	archiveVersion = 1;
	classes = {
	};
	objectVersion = 77;
	objects = {

/* Begin PBXBuildFile section */
		705882C32D77E9EB001B1703 /* libglfw.3.4.dylib in Frameworks */ = {isa = PBXBuildFile; fileRef = 705882C22D77E9EB001B1703 /* libglfw.3.4.dylib */; settings = {ATTRIBUTES = (Required, ); }; };
		705882C52D77EA7D001B1703 /* libvulkan.1.4.304.dylib in Frameworks */ = {isa = PBXBuildFile; fileRef = 705882C42D77EA7D001B1703 /* libvulkan.1.4.304.dylib */; };
		705882C72D77EAD7001B1703 /* libvulkan.1.dylib in Frameworks */ = {isa = PBXBuildFile; fileRef = 705882C62D77EAD7001B1703 /* libvulkan.1.dylib */; };
		705882CA2D77EB1A001B1703 /* libvulkan.1.dylib in CopyFiles */ = {isa = PBXBuildFile; fileRef = 705882C82D77EB1A001B1703 /* libvulkan.1.dylib */; };
		705882CB2D77EB1A001B1703 /* libvulkan.1.4.304.dylib in CopyFiles */ = {isa = PBXBuildFile; fileRef = 705882C92D77EB1A001B1703 /* libvulkan.1.4.304.dylib */; };
		705882CD2D77EB21001B1703 /* libglfw.3.4.dylib in CopyFiles */ = {isa = PBXBuildFile; fileRef = 705882CC2D77EB21001B1703 /* libglfw.3.4.dylib */; };
/* End PBXBuildFile section */

/* Begin PBXCopyFilesBuildPhase section */
		7069544B2D77E657008D99AF /* CopyFiles */ = {
			isa = PBXCopyFilesBuildPhase;
			buildActionMask = 12;
			dstPath = "";
			dstSubfolderSpec = 10;
			files = (
				705882CA2D77EB1A001B1703 /* libvulkan.1.dylib in CopyFiles */,
				705882CB2D77EB1A001B1703 /* libvulkan.1.4.304.dylib in CopyFiles */,
				705882CD2D77EB21001B1703 /* libglfw.3.4.dylib in CopyFiles */,
			);
			runOnlyForDeploymentPostprocessing = 0;
		};
/* End PBXCopyFilesBuildPhase section */

/* Begin PBXFileReference section */
		705882C22D77E9EB001B1703 /* libglfw.3.4.dylib */ = {isa = PBXFileReference; lastKnownFileType = "compiled.mach-o.dylib"; name = libglfw.3.4.dylib; path = ../../../../../usr/local/Cellar/glfw/3.4/lib/libglfw.3.4.dylib; sourceTree = "<group>"; };
		705882C42D77EA7D001B1703 /* libvulkan.1.4.304.dylib */ = {isa = PBXFileReference; lastKnownFileType = "compiled.mach-o.dylib"; name = libvulkan.1.4.304.dylib; path = ../../../VulkanSDK/1.4.304.1/macOS/lib/libvulkan.1.4.304.dylib; sourceTree = "<group>"; };
		705882C62D77EAD7001B1703 /* libvulkan.1.dylib */ = {isa = PBXFileReference; lastKnownFileType = "compiled.mach-o.dylib"; name = libvulkan.1.dylib; path = ../../../VulkanSDK/1.4.304.1/macOS/lib/libvulkan.1.dylib; sourceTree = "<group>"; };
		705882C82D77EB1A001B1703 /* libvulkan.1.dylib */ = {isa = PBXFileReference; lastKnownFileType = "compiled.mach-o.dylib"; name = libvulkan.1.dylib; path = ../../../VulkanSDK/1.4.304.1/macOS/lib/libvulkan.1.dylib; sourceTree = "<group>"; };
		705882C92D77EB1A001B1703 /* libvulkan.1.4.304.dylib */ = {isa = PBXFileReference; lastKnownFileType = "compiled.mach-o.dylib"; name = libvulkan.1.4.304.dylib; path = ../../../VulkanSDK/1.4.304.1/macOS/lib/libvulkan.1.4.304.dylib; sourceTree = "<group>"; };
		705882CC2D77EB21001B1703 /* libglfw.3.4.dylib */ = {isa = PBXFileReference; lastKnownFileType = "compiled.mach-o.dylib"; name = libglfw.3.4.dylib; path = ../../../../../usr/local/Cellar/glfw/3.4/lib/libglfw.3.4.dylib; sourceTree = "<group>"; };
		7069544D2D77E657008D99AF /* VulkanRender */ = {isa = PBXFileReference; explicitFileType = "compiled.mach-o.executable"; includeInIndex = 0; path = VulkanRender; sourceTree = BUILT_PRODUCTS_DIR; };
/* End PBXFileReference section */

/* Begin PBXFileSystemSynchronizedRootGroup section */
		7069544F2D77E657008D99AF /* VulkanRender */ = {
			isa = PBXFileSystemSynchronizedRootGroup;
			path = VulkanRender;
			sourceTree = "<group>";
		};
/* End PBXFileSystemSynchronizedRootGroup section */

/* Begin PBXFrameworksBuildPhase section */
		7069544A2D77E657008D99AF /* Frameworks */ = {
			isa = PBXFrameworksBuildPhase;
			buildActionMask = 2147483647;
			files = (
				705882C32D77E9EB001B1703 /* libglfw.3.4.dylib in Frameworks */,
				705882C52D77EA7D001B1703 /* libvulkan.1.4.304.dylib in Frameworks */,
				705882C72D77EAD7001B1703 /* libvulkan.1.dylib in Frameworks */,
			);
			runOnlyForDeploymentPostprocessing = 0;
		};
/* End PBXFrameworksBuildPhase section */

/* Begin PBXGroup section */
		705882C12D77E9EA001B1703 /* Frameworks */ = {
			isa = PBXGroup;
			children = (
				705882C62D77EAD7001B1703 /* libvulkan.1.dylib */,
				705882C42D77EA7D001B1703 /* libvulkan.1.4.304.dylib */,
				705882C22D77E9EB001B1703 /* libglfw.3.4.dylib */,
			);
			name = Frameworks;
			sourceTree = "<group>";
		};
		706954442D77E657008D99AF = {
			isa = PBXGroup;
			children = (
				7069544F2D77E657008D99AF /* VulkanRender */,
				705882C12D77E9EA001B1703 /* Frameworks */,
				705882C92D77EB1A001B1703 /* libvulkan.1.4.304.dylib */,
				705882C82D77EB1A001B1703 /* libvulkan.1.dylib */,
				705882CC2D77EB21001B1703 /* libglfw.3.4.dylib */,
				7069544E2D77E657008D99AF /* Products */,
			);
			sourceTree = "<group>";
		};
		7069544E2D77E657008D99AF /* Products */ = {
			isa = PBXGroup;
			children = (
				7069544D2D77E657008D99AF /* VulkanRender */,
			);
			name = Products;
			sourceTree = "<group>";
		};
/* End PBXGroup section */

/* Begin PBXNativeTarget section */
		7069544C2D77E657008D99AF /* VulkanRender */ = {
			isa = PBXNativeTarget;
			buildConfigurationList = 706954542D77E657008D99AF /* Build configuration list for PBXNativeTarget "VulkanRender" */;
			buildPhases = (
				706954492D77E657008D99AF /* Sources */,
				7069544A2D77E657008D99AF /* Frameworks */,
				7069544B2D77E657008D99AF /* CopyFiles */,
			);
			buildRules = (
			);
			dependencies = (
			);
			fileSystemSynchronizedGroups = (
				7069544F2D77E657008D99AF /* VulkanRender */,
			);
			name = VulkanRender;
			packageProductDependencies = (
			);
			productName = VulkanRender;
			productReference = 7069544D2D77E657008D99AF /* VulkanRender */;
			productType = "com.apple.product-type.tool";
		};
/* End PBXNativeTarget section */

/* Begin PBXProject section */
		706954452D77E657008D99AF /* Project object */ = {
			isa = PBXProject;
			attributes = {
				BuildIndependentTargetsInParallel = 1;
				LastUpgradeCheck = 1620;
				TargetAttributes = {
					7069544C2D77E657008D99AF = {
						CreatedOnToolsVersion = 16.2;
					};
				};
			};
			buildConfigurationList = 706954482D77E657008D99AF /* Build configuration list for PBXProject "VulkanRender" */;
			developmentRegion = en;
			hasScannedForEncodings = 0;
			knownRegions = (
				en,
				Base,
			);
			mainGroup = 706954442D77E657008D99AF;
			minimizedProjectReferenceProxies = 1;
			preferredProjectObjectVersion = 77;
			productRefGroup = 7069544E2D77E657008D99AF /* Products */;
			projectDirPath = "";
			projectRoot = "";
			targets = (
				7069544C2D77E657008D99AF /* VulkanRender */,
			);
		};
/* End PBXProject section */

/* Begin PBXSourcesBuildPhase section */
		706954492D77E657008D99AF /* Sources */ = {
			isa = PBXSourcesBuildPhase;
			buildActionMask = 2147483647;
			files = (
			);
			runOnlyForDeploymentPostprocessing = 0;
		};
/* End PBXSourcesBuildPhase section */

/* Begin XCBuildConfiguration section */
		706954522D77E657008D99AF /* Debug */ = {
			isa = XCBuildConfiguration;
			buildSettings = {
				ALWAYS_SEARCH_USER_PATHS = NO;
				ASSETCATALOG_COMPILER_GENERATE_SWIFT_ASSET_SYMBOL_EXTENSIONS = YES;
				CLANG_ANALYZER_NONNULL = YES;
				CLANG_ANALYZER_NUMBER_OBJECT_CONVERSION = YES_AGGRESSIVE;
				CLANG_CXX_LANGUAGE_STANDARD = "gnu++20";
				CLANG_ENABLE_MODULES = YES;
				CLANG_ENABLE_OBJC_ARC = YES;
				CLANG_ENABLE_OBJC_WEAK = YES;
				CLANG_WARN_BLOCK_CAPTURE_AUTORELEASING = YES;
				CLANG_WARN_BOOL_CONVERSION = YES;
				CLANG_WARN_COMMA = YES;
				CLANG_WARN_CONSTANT_CONVERSION = YES;
				CLANG_WARN_DEPRECATED_OBJC_IMPLEMENTATIONS = YES;
				CLANG_WARN_DIRECT_OBJC_ISA_USAGE = YES_ERROR;
				CLANG_WARN_DOCUMENTATION_COMMENTS = YES;
				CLANG_WARN_EMPTY_BODY = YES;
				CLANG_WARN_ENUM_CONVERSION = YES;
				CLANG_WARN_INFINITE_RECURSION = YES;
				CLANG_WARN_INT_CONVERSION = YES;
				CLANG_WARN_NON_LITERAL_NULL_CONVERSION = YES;
				CLANG_WARN_OBJC_IMPLICIT_RETAIN_SELF = YES;
				CLANG_WARN_OBJC_LITERAL_CONVERSION = YES;
				CLANG_WARN_OBJC_ROOT_CLASS = YES_ERROR;
				CLANG_WARN_QUOTED_INCLUDE_IN_FRAMEWORK_HEADER = YES;
				CLANG_WARN_RANGE_LOOP_ANALYSIS = YES;
				CLANG_WARN_STRICT_PROTOTYPES = YES;
				CLANG_WARN_SUSPICIOUS_MOVE = YES;
				CLANG_WARN_UNGUARDED_AVAILABILITY = YES_AGGRESSIVE;
				CLANG_WARN_UNREACHABLE_CODE = YES;
				CLANG_WARN__DUPLICATE_METHOD_MATCH = YES;
				COPY_PHASE_STRIP = NO;
				DEBUG_INFORMATION_FORMAT = dwarf;
				ENABLE_STRICT_OBJC_MSGSEND = YES;
				ENABLE_TESTABILITY = YES;
				ENABLE_USER_SCRIPT_SANDBOXING = YES;
				GCC_C_LANGUAGE_STANDARD = gnu17;
				GCC_DYNAMIC_NO_PIC = NO;
				GCC_NO_COMMON_BLOCKS = YES;
				GCC_OPTIMIZATION_LEVEL = 0;
				GCC_PREPROCESSOR_DEFINITIONS = (
					"DEBUG=1",
					"$(inherited)",
				);
				GCC_WARN_64_TO_32_BIT_CONVERSION = YES;
				GCC_WARN_ABOUT_RETURN_TYPE = YES_ERROR;
				GCC_WARN_UNDECLARED_SELECTOR = YES;
				GCC_WARN_UNINITIALIZED_AUTOS = YES_AGGRESSIVE;
				GCC_WARN_UNUSED_FUNCTION = YES;
				GCC_WARN_UNUSED_VARIABLE = YES;
				LOCALIZATION_PREFERS_STRING_CATALOGS = YES;
				MACOSX_DEPLOYMENT_TARGET = 15.2;
				MTL_ENABLE_DEBUG_INFO = INCLUDE_SOURCE;
				MTL_FAST_MATH = YES;
				ONLY_ACTIVE_ARCH = YES;
				SDKROOT = macosx;
			};
			name = Debug;
		};
		706954532D77E657008D99AF /* Release */ = {
			isa = XCBuildConfiguration;
			buildSettings = {
				ALWAYS_SEARCH_USER_PATHS = NO;
				ASSETCATALOG_COMPILER_GENERATE_SWIFT_ASSET_SYMBOL_EXTENSIONS = YES;
				CLANG_ANALYZER_NONNULL = YES;
				CLANG_ANALYZER_NUMBER_OBJECT_CONVERSION = YES_AGGRESSIVE;
				CLANG_CXX_LANGUAGE_STANDARD = "gnu++20";
				CLANG_ENABLE_MODULES = YES;
				CLANG_ENABLE_OBJC_ARC = YES;
				CLANG_ENABLE_OBJC_WEAK = YES;
				CLANG_WARN_BLOCK_CAPTURE_AUTORELEASING = YES;
				CLANG_WARN_BOOL_CONVERSION = YES;
				CLANG_WARN_COMMA = YES;
				CLANG_WARN_CONSTANT_CONVERSION = YES;
				CLANG_WARN_DEPRECATED_OBJC_IMPLEMENTATIONS = YES;
				CLANG_WARN_DIRECT_OBJC_ISA_USAGE = YES_ERROR;
				CLANG_WARN_DOCUMENTATION_COMMENTS = YES;
				CLANG_WARN_EMPTY_BODY = YES;
				CLANG_WARN_ENUM_CONVERSION = YES;
				CLANG_WARN_INFINITE_RECURSION = YES;
				CLANG_WARN_INT_CONVERSION = YES;
				CLANG_WARN_NON_LITERAL_NULL_CONVERSION = YES;
				CLANG_WARN_OBJC_IMPLICIT_RETAIN_SELF = YES;
				CLANG_WARN_OBJC_LITERAL_CONVERSION = YES;
				CLANG_WARN_OBJC_ROOT_CLASS = YES_ERROR;
				CLANG_WARN_QUOTED_INCLUDE_IN_FRAMEWORK_HEADER = YES;
				CLANG_WARN_RANGE_LOOP_ANALYSIS = YES;
				CLANG_WARN_STRICT_PROTOTYPES = YES;
				CLANG_WARN_SUSPICIOUS_MOVE = YES;
				CLANG_WARN_UNGUARDED_AVAILABILITY = YES_AGGRESSIVE;
				CLANG_WARN_UNREACHABLE_CODE = YES;
				CLANG_WARN__DUPLICATE_METHOD_MATCH = YES;
				COPY_PHASE_STRIP = NO;
				DEBUG_INFORMATION_FORMAT = "dwarf-with-dsym";
				ENABLE_NS_ASSERTIONS = NO;
				ENABLE_STRICT_OBJC_MSGSEND = YES;
				ENABLE_USER_SCRIPT_SANDBOXING = YES;
				GCC_C_LANGUAGE_STANDARD = gnu17;
				GCC_NO_COMMON_BLOCKS = YES;
				GCC_WARN_64_TO_32_BIT_CONVERSION = YES;
				GCC_WARN_ABOUT_RETURN_TYPE = YES_ERROR;
				GCC_WARN_UNDECLARED_SELECTOR = YES;
				GCC_WARN_UNINITIALIZED_AUTOS = YES_AGGRESSIVE;
				GCC_WARN_UNUSED_FUNCTION = YES;
				GCC_WARN_UNUSED_VARIABLE = YES;
				LOCALIZATION_PREFERS_STRING_CATALOGS = YES;
				MACOSX_DEPLOYMENT_TARGET = 15.2;
				MTL_ENABLE_DEBUG_INFO = NO;
				MTL_FAST_MATH = YES;
				SDKROOT = macosx;
			};
			name = Release;
		};
		706954552D77E657008D99AF /* Debug */ = {
			isa = XCBuildConfiguration;
			buildSettings = {
				CODE_SIGN_STYLE = Automatic;
				HEADER_SEARCH_PATHS = (
					/usr/local/include,
					"\"$(SRCROOT)/../../../VulkanSDK/1.4.304.1/macOS/include\"",
				);
				LIBRARY_SEARCH_PATHS = (
					/usr/local/lib,
					/usr/local/Cellar/glfw/3.4/lib,
					"\"$(SRCROOT)/../../../VulkanSDK/1.4.304.1/macOS/lib\"",
				);
				PRODUCT_NAME = "$(TARGET_NAME)";
			};
			name = Debug;
		};
		706954562D77E657008D99AF /* Release */ = {
			isa = XCBuildConfiguration;
			buildSettings = {
				CODE_SIGN_STYLE = Automatic;
				LIBRARY_SEARCH_PATHS = (
					/usr/local/lib,
					/usr/local/Cellar/glfw/3.4/lib,
					"\"$(SRCROOT)/../../../VulkanSDK/1.4.304.1/macOS/lib\"",
				);
				PRODUCT_NAME = "$(TARGET_NAME)";
			};
			name = Release;
		};
/* End XCBuildConfiguration section */

/* Begin XCConfigurationList section */
		706954482D77E657008D99AF /* Build configuration list for PBXProject "VulkanRender" */ = {
			isa = XCConfigurationList;
			buildConfigurations = (
				706954522D77E657008D99AF /* Debug */,
				706954532D77E657008D99AF /* Release */,
			);
			defaultConfigurationIsVisible = 0;
			defaultConfigurationName = Release;
		};
		706954542D77E657008D99AF /* Build configuration list for PBXNativeTarget "VulkanRender" */ = {
			isa = XCConfigurationList;
			buildConfigurations = (
				706954552D77E657008D99AF /* Debug */,
				706954562D77E657008D99AF /* Release */,
			);
			defaultConfigurationIsVisible = 0;
			defaultConfigurationName = Release;
		};
/* End XCConfigurationList section */
	};
	rootObject = 706954452D77E657008D99AF /* Project object */;
}
